// !$*UTF8*$!
{
	archiveVersion = 1;
	classes = {
	};
	objectVersion = 56;
	objects = {

/* Begin PBXBuildFile section */
		311C3419296E04690061E034 /* SnapVC.swift in Sources */ = {isa = PBXBuildFile; fileRef = 311C3418296E04690061E034 /* SnapVC.swift */; };
		314B0631296FE54A00BF0B7E /* UserSingleton.swift in Sources */ = {isa = PBXBuildFile; fileRef = 314B0630296FE54A00BF0B7E /* UserSingleton.swift */; };
		31A412D02968C79D0073FC2C /* AppDelegate.swift in Sources */ = {isa = PBXBuildFile; fileRef = 31A412CF2968C79D0073FC2C /* AppDelegate.swift */; };
		31A412D22968C79D0073FC2C /* SceneDelegate.swift in Sources */ = {isa = PBXBuildFile; fileRef = 31A412D12968C79D0073FC2C /* SceneDelegate.swift */; };
		31A412D42968C79D0073FC2C /* SignInVC.swift in Sources */ = {isa = PBXBuildFile; fileRef = 31A412D32968C79D0073FC2C /* SignInVC.swift */; };
		31A412D72968C79D0073FC2C /* Main.storyboard in Resources */ = {isa = PBXBuildFile; fileRef = 31A412D52968C79D0073FC2C /* Main.storyboard */; };
		31A412D92968C79E0073FC2C /* Assets.xcassets in Resources */ = {isa = PBXBuildFile; fileRef = 31A412D82968C79E0073FC2C /* Assets.xcassets */; };
		31A412DC2968C79E0073FC2C /* LaunchScreen.storyboard in Resources */ = {isa = PBXBuildFile; fileRef = 31A412DA2968C79E0073FC2C /* LaunchScreen.storyboard */; };
		31B9DEFF2968CA9F00EEC796 /* FirebaseAnalytics in Frameworks */ = {isa = PBXBuildFile; productRef = 31B9DEFE2968CA9F00EEC796 /* FirebaseAnalytics */; };
		31B9DF012968CA9F00EEC796 /* FirebaseAuth in Frameworks */ = {isa = PBXBuildFile; productRef = 31B9DF002968CA9F00EEC796 /* FirebaseAuth */; };
		31B9DF032968CA9F00EEC796 /* FirebaseFirestore in Frameworks */ = {isa = PBXBuildFile; productRef = 31B9DF022968CA9F00EEC796 /* FirebaseFirestore */; };
		31B9DF052968CA9F00EEC796 /* FirebaseStorage in Frameworks */ = {isa = PBXBuildFile; productRef = 31B9DF042968CA9F00EEC796 /* FirebaseStorage */; };
		31C13F7C296DE8630060ADB2 /* FeedVC.swift in Sources */ = {isa = PBXBuildFile; fileRef = 31C13F7B296DE8630060ADB2 /* FeedVC.swift */; };
		31C13F7E296DE8720060ADB2 /* UploadVC.swift in Sources */ = {isa = PBXBuildFile; fileRef = 31C13F7D296DE8720060ADB2 /* UploadVC.swift */; };
		31C13F80296DE8890060ADB2 /* SettingsVC.swift in Sources */ = {isa = PBXBuildFile; fileRef = 31C13F7F296DE8890060ADB2 /* SettingsVC.swift */; };
		31DD40D72968C8B1006D136C /* GoogleService-Info.plist in Resources */ = {isa = PBXBuildFile; fileRef = 31DD40D62968C8B1006D136C /* GoogleService-Info.plist */; };
/* End PBXBuildFile section */

/* Begin PBXFileReference section */
		311C3418296E04690061E034 /* SnapVC.swift */ = {isa = PBXFileReference; lastKnownFileType = sourcecode.swift; path = SnapVC.swift; sourceTree = "<group>"; };
		314B0630296FE54A00BF0B7E /* UserSingleton.swift */ = {isa = PBXFileReference; lastKnownFileType = sourcecode.swift; path = UserSingleton.swift; sourceTree = "<group>"; };
		31A412CC2968C79D0073FC2C /* SnapchatClone.app */ = {isa = PBXFileReference; explicitFileType = wrapper.application; includeInIndex = 0; path = SnapchatClone.app; sourceTree = BUILT_PRODUCTS_DIR; };
		31A412CF2968C79D0073FC2C /* AppDelegate.swift */ = {isa = PBXFileReference; lastKnownFileType = sourcecode.swift; path = AppDelegate.swift; sourceTree = "<group>"; };
		31A412D12968C79D0073FC2C /* SceneDelegate.swift */ = {isa = PBXFileReference; lastKnownFileType = sourcecode.swift; path = SceneDelegate.swift; sourceTree = "<group>"; };
		31A412D32968C79D0073FC2C /* SignInVC.swift */ = {isa = PBXFileReference; lastKnownFileType = sourcecode.swift; path = SignInVC.swift; sourceTree = "<group>"; };
		31A412D62968C79D0073FC2C /* Base */ = {isa = PBXFileReference; lastKnownFileType = file.storyboard; name = Base; path = Base.lproj/Main.storyboard; sourceTree = "<group>"; };
		31A412D82968C79E0073FC2C /* Assets.xcassets */ = {isa = PBXFileReference; lastKnownFileType = folder.assetcatalog; path = Assets.xcassets; sourceTree = "<group>"; };
		31A412DB2968C79E0073FC2C /* Base */ = {isa = PBXFileReference; lastKnownFileType = file.storyboard; name = Base; path = Base.lproj/LaunchScreen.storyboard; sourceTree = "<group>"; };
		31A412DD2968C79E0073FC2C /* Info.plist */ = {isa = PBXFileReference; lastKnownFileType = text.plist.xml; path = Info.plist; sourceTree = "<group>"; };
		31C13F7B296DE8630060ADB2 /* FeedVC.swift */ = {isa = PBXFileReference; lastKnownFileType = sourcecode.swift; path = FeedVC.swift; sourceTree = "<group>"; };
		31C13F7D296DE8720060ADB2 /* UploadVC.swift */ = {isa = PBXFileReference; lastKnownFileType = sourcecode.swift; path = UploadVC.swift; sourceTree = "<group>"; };
		31C13F7F296DE8890060ADB2 /* SettingsVC.swift */ = {isa = PBXFileReference; lastKnownFileType = sourcecode.swift; path = SettingsVC.swift; sourceTree = "<group>"; };
		31DD40D62968C8B1006D136C /* GoogleService-Info.plist */ = {isa = PBXFileReference; fileEncoding = 4; lastKnownFileType = text.plist.xml; path = "GoogleService-Info.plist"; sourceTree = "<group>"; };
/* End PBXFileReference section */

/* Begin PBXFrameworksBuildPhase section */
		31A412C92968C79D0073FC2C /* Frameworks */ = {
			isa = PBXFrameworksBuildPhase;
			buildActionMask = 2147483647;
			files = (
				31B9DEFF2968CA9F00EEC796 /* FirebaseAnalytics in Frameworks */,
				31B9DF052968CA9F00EEC796 /* FirebaseStorage in Frameworks */,
				31B9DF012968CA9F00EEC796 /* FirebaseAuth in Frameworks */,
				31B9DF032968CA9F00EEC796 /* FirebaseFirestore in Frameworks */,
			);
			runOnlyForDeploymentPostprocessing = 0;
		};
/* End PBXFrameworksBuildPhase section */

/* Begin PBXGroup section */
		314B062F296FE52A00BF0B7E /* Model */ = {
			isa = PBXGroup;
			children = (
				314B0630296FE54A00BF0B7E /* UserSingleton.swift */,
			);
			path = Model;
			sourceTree = "<group>";
		};
		31A412C32968C79D0073FC2C = {
			isa = PBXGroup;
			children = (
				31A412CE2968C79D0073FC2C /* SnapchatClone */,
				31A412CD2968C79D0073FC2C /* Products */,
			);
			sourceTree = "<group>";
		};
		31A412CD2968C79D0073FC2C /* Products */ = {
			isa = PBXGroup;
			children = (
				31A412CC2968C79D0073FC2C /* SnapchatClone.app */,
			);
			name = Products;
			sourceTree = "<group>";
		};
		31A412CE2968C79D0073FC2C /* SnapchatClone */ = {
			isa = PBXGroup;
			children = (
				314B062F296FE52A00BF0B7E /* Model */,
				31C13F81296DE89E0060ADB2 /* ViewControllers */,
				31A412CF2968C79D0073FC2C /* AppDelegate.swift */,
				31A412D12968C79D0073FC2C /* SceneDelegate.swift */,
				31A412D52968C79D0073FC2C /* Main.storyboard */,
				31DD40D62968C8B1006D136C /* GoogleService-Info.plist */,
				31A412D82968C79E0073FC2C /* Assets.xcassets */,
				31A412DA2968C79E0073FC2C /* LaunchScreen.storyboard */,
				31A412DD2968C79E0073FC2C /* Info.plist */,
			);
			path = SnapchatClone;
			sourceTree = "<group>";
		};
		31C13F81296DE89E0060ADB2 /* ViewControllers */ = {
			isa = PBXGroup;
			children = (
				31A412D32968C79D0073FC2C /* SignInVC.swift */,
				31C13F7B296DE8630060ADB2 /* FeedVC.swift */,
				31C13F7D296DE8720060ADB2 /* UploadVC.swift */,
				31C13F7F296DE8890060ADB2 /* SettingsVC.swift */,
				311C3418296E04690061E034 /* SnapVC.swift */,
			);
			path = ViewControllers;
			sourceTree = "<group>";
		};
/* End PBXGroup section */

/* Begin PBXNativeTarget section */
		31A412CB2968C79D0073FC2C /* SnapchatClone */ = {
			isa = PBXNativeTarget;
			buildConfigurationList = 31A412E02968C79E0073FC2C /* Build configuration list for PBXNativeTarget "SnapchatClone" */;
			buildPhases = (
				31A412C82968C79D0073FC2C /* Sources */,
				31A412C92968C79D0073FC2C /* Frameworks */,
				31A412CA2968C79D0073FC2C /* Resources */,
			);
			buildRules = (
			);
			dependencies = (
			);
			name = SnapchatClone;
			packageProductDependencies = (
				31B9DEFE2968CA9F00EEC796 /* FirebaseAnalytics */,
				31B9DF002968CA9F00EEC796 /* FirebaseAuth */,
				31B9DF022968CA9F00EEC796 /* FirebaseFirestore */,
				31B9DF042968CA9F00EEC796 /* FirebaseStorage */,
			);
			productName = SnapchatClone;
			productReference = 31A412CC2968C79D0073FC2C /* SnapchatClone.app */;
			productType = "com.apple.product-type.application";
		};
/* End PBXNativeTarget section */

/* Begin PBXProject section */
		31A412C42968C79D0073FC2C /* Project object */ = {
			isa = PBXProject;
			attributes = {
				BuildIndependentTargetsInParallel = 1;
				LastSwiftUpdateCheck = 1410;
				LastUpgradeCheck = 1410;
				TargetAttributes = {
					31A412CB2968C79D0073FC2C = {
						CreatedOnToolsVersion = 14.1;
					};
				};
			};
			buildConfigurationList = 31A412C72968C79D0073FC2C /* Build configuration list for PBXProject "SnapchatClone" */;
			compatibilityVersion = "Xcode 14.0";
			developmentRegion = en;
			hasScannedForEncodings = 0;
			knownRegions = (
				en,
				Base,
			);
			mainGroup = 31A412C32968C79D0073FC2C;
			packageReferences = (
				31B9DEFD2968CA9F00EEC796 /* XCRemoteSwiftPackageReference "firebase-ios-sdk" */,
			);
			productRefGroup = 31A412CD2968C79D0073FC2C /* Products */;
			projectDirPath = "";
			projectRoot = "";
			targets = (
				31A412CB2968C79D0073FC2C /* SnapchatClone */,
			);
		};
/* End PBXProject section */

/* Begin PBXResourcesBuildPhase section */
		31A412CA2968C79D0073FC2C /* Resources */ = {
			isa = PBXResourcesBuildPhase;
			buildActionMask = 2147483647;
			files = (
				31A412DC2968C79E0073FC2C /* LaunchScreen.storyboard in Resources */,
				31DD40D72968C8B1006D136C /* GoogleService-Info.plist in Resources */,
				31A412D92968C79E0073FC2C /* Assets.xcassets in Resources */,
				31A412D72968C79D0073FC2C /* Main.storyboard in Resources */,
			);
			runOnlyForDeploymentPostprocessing = 0;
		};
/* End PBXResourcesBuildPhase section */

/* Begin PBXSourcesBuildPhase section */
		31A412C82968C79D0073FC2C /* Sources */ = {
			isa = PBXSourcesBuildPhase;
			buildActionMask = 2147483647;
			files = (
				314B0631296FE54A00BF0B7E /* UserSingleton.swift in Sources */,
				31C13F7C296DE8630060ADB2 /* FeedVC.swift in Sources */,
				31A412D42968C79D0073FC2C /* SignInVC.swift in Sources */,
				31A412D02968C79D0073FC2C /* AppDelegate.swift in Sources */,
				31C13F7E296DE8720060ADB2 /* UploadVC.swift in Sources */,
				311C3419296E04690061E034 /* SnapVC.swift in Sources */,
				31A412D22968C79D0073FC2C /* SceneDelegate.swift in Sources */,
				31C13F80296DE8890060ADB2 /* SettingsVC.swift in Sources */,
			);
			runOnlyForDeploymentPostprocessing = 0;
		};
/* End PBXSourcesBuildPhase section */

/* Begin PBXVariantGroup section */
		31A412D52968C79D0073FC2C /* Main.storyboard */ = {
			isa = PBXVariantGroup;
			children = (
				31A412D62968C79D0073FC2C /* Base */,
			);
			name = Main.storyboard;
			sourceTree = "<group>";
		};
		31A412DA2968C79E0073FC2C /* LaunchScreen.storyboard */ = {
			isa = PBXVariantGroup;
			children = (
				31A412DB2968C79E0073FC2C /* Base */,
			);
			name = LaunchScreen.storyboard;
			sourceTree = "<group>";
		};
/* End PBXVariantGroup section */

/* Begin XCBuildConfiguration section */
		31A412DE2968C79E0073FC2C /* Debug */ = {
			isa = XCBuildConfiguration;
			buildSettings = {
				ALWAYS_SEARCH_USER_PATHS = NO;
				CLANG_ANALYZER_NONNULL = YES;
				CLANG_ANALYZER_NUMBER_OBJECT_CONVERSION = YES_AGGRESSIVE;
				CLANG_CXX_LANGUAGE_STANDARD = "gnu++20";
				CLANG_ENABLE_MODULES = YES;
				CLANG_ENABLE_OBJC_ARC = YES;
				CLANG_ENABLE_OBJC_WEAK = YES;
				CLANG_WARN_BLOCK_CAPTURE_AUTORELEASING = YES;
				CLANG_WARN_BOOL_CONVERSION = YES;
				CLANG_WARN_COMMA = YES;
				CLANG_WARN_CONSTANT_CONVERSION = YES;
				CLANG_WARN_DEPRECATED_OBJC_IMPLEMENTATIONS = YES;
				CLANG_WARN_DIRECT_OBJC_ISA_USAGE = YES_ERROR;
				CLANG_WARN_DOCUMENTATION_COMMENTS = YES;
				CLANG_WARN_EMPTY_BODY = YES;
				CLANG_WARN_ENUM_CONVERSION = YES;
				CLANG_WARN_INFINITE_RECURSION = YES;
				CLANG_WARN_INT_CONVERSION = YES;
				CLANG_WARN_NON_LITERAL_NULL_CONVERSION = YES;
				CLANG_WARN_OBJC_IMPLICIT_RETAIN_SELF = YES;
				CLANG_WARN_OBJC_LITERAL_CONVERSION = YES;
				CLANG_WARN_OBJC_ROOT_CLASS = YES_ERROR;
				CLANG_WARN_QUOTED_INCLUDE_IN_FRAMEWORK_HEADER = YES;
				CLANG_WARN_RANGE_LOOP_ANALYSIS = YES;
				CLANG_WARN_STRICT_PROTOTYPES = YES;
				CLANG_WARN_SUSPICIOUS_MOVE = YES;
				CLANG_WARN_UNGUARDED_AVAILABILITY = YES_AGGRESSIVE;
				CLANG_WARN_UNREACHABLE_CODE = YES;
				CLANG_WARN__DUPLICATE_METHOD_MATCH = YES;
				COPY_PHASE_STRIP = NO;
				DEBUG_INFORMATION_FORMAT = dwarf;
				ENABLE_STRICT_OBJC_MSGSEND = YES;
				ENABLE_TESTABILITY = YES;
				GCC_C_LANGUAGE_STANDARD = gnu11;
				GCC_DYNAMIC_NO_PIC = NO;
				GCC_NO_COMMON_BLOCKS = YES;
				GCC_OPTIMIZATION_LEVEL = 0;
				GCC_PREPROCESSOR_DEFINITIONS = (
					"DEBUG=1",
					"$(inherited)",
				);
				GCC_WARN_64_TO_32_BIT_CONVERSION = YES;
				GCC_WARN_ABOUT_RETURN_TYPE = YES_ERROR;
				GCC_WARN_UNDECLARED_SELECTOR = YES;
				GCC_WARN_UNINITIALIZED_AUTOS = YES_AGGRESSIVE;
				GCC_WARN_UNUSED_FUNCTION = YES;
				GCC_WARN_UNUSED_VARIABLE = YES;
				IPHONEOS_DEPLOYMENT_TARGET = 16.1;
				MTL_ENABLE_DEBUG_INFO = INCLUDE_SOURCE;
				MTL_FAST_MATH = YES;
				ONLY_ACTIVE_ARCH = YES;
				SDKROOT = iphoneos;
				SWIFT_ACTIVE_COMPILATION_CONDITIONS = DEBUG;
				SWIFT_OPTIMIZATION_LEVEL = "-Onone";
			};
			name = Debug;
		};
		31A412DF2968C79E0073FC2C /* Release */ = {
			isa = XCBuildConfiguration;
			buildSettings = {
				ALWAYS_SEARCH_USER_PATHS = NO;
				CLANG_ANALYZER_NONNULL = YES;
				CLANG_ANALYZER_NUMBER_OBJECT_CONVERSION = YES_AGGRESSIVE;
				CLANG_CXX_LANGUAGE_STANDARD = "gnu++20";
				CLANG_ENABLE_MODULES = YES;
				CLANG_ENABLE_OBJC_ARC = YES;
				CLANG_ENABLE_OBJC_WEAK = YES;
				CLANG_WARN_BLOCK_CAPTURE_AUTORELEASING = YES;
				CLANG_WARN_BOOL_CONVERSION = YES;
				CLANG_WARN_COMMA = YES;
				CLANG_WARN_CONSTANT_CONVERSION = YES;
				CLANG_WARN_DEPRECATED_OBJC_IMPLEMENTATIONS = YES;
				CLANG_WARN_DIRECT_OBJC_ISA_USAGE = YES_ERROR;
				CLANG_WARN_DOCUMENTATION_COMMENTS = YES;
				CLANG_WARN_EMPTY_BODY = YES;
				CLANG_WARN_ENUM_CONVERSION = YES;
				CLANG_WARN_INFINITE_RECURSION = YES;
				CLANG_WARN_INT_CONVERSION = YES;
				CLANG_WARN_NON_LITERAL_NULL_CONVERSION = YES;
				CLANG_WARN_OBJC_IMPLICIT_RETAIN_SELF = YES;
				CLANG_WARN_OBJC_LITERAL_CONVERSION = YES;
				CLANG_WARN_OBJC_ROOT_CLASS = YES_ERROR;
				CLANG_WARN_QUOTED_INCLUDE_IN_FRAMEWORK_HEADER = YES;
				CLANG_WARN_RANGE_LOOP_ANALYSIS = YES;
				CLANG_WARN_STRICT_PROTOTYPES = YES;
				CLANG_WARN_SUSPICIOUS_MOVE = YES;
				CLANG_WARN_UNGUARDED_AVAILABILITY = YES_AGGRESSIVE;
				CLANG_WARN_UNREACHABLE_CODE = YES;
				CLANG_WARN__DUPLICATE_METHOD_MATCH = YES;
				COPY_PHASE_STRIP = NO;
				DEBUG_INFORMATION_FORMAT = "dwarf-with-dsym";
				ENABLE_NS_ASSERTIONS = NO;
				ENABLE_STRICT_OBJC_MSGSEND = YES;
				GCC_C_LANGUAGE_STANDARD = gnu11;
				GCC_NO_COMMON_BLOCKS = YES;
				GCC_WARN_64_TO_32_BIT_CONVERSION = YES;
				GCC_WARN_ABOUT_RETURN_TYPE = YES_ERROR;
				GCC_WARN_UNDECLARED_SELECTOR = YES;
				GCC_WARN_UNINITIALIZED_AUTOS = YES_AGGRESSIVE;
				GCC_WARN_UNUSED_FUNCTION = YES;
				GCC_WARN_UNUSED_VARIABLE = YES;
				IPHONEOS_DEPLOYMENT_TARGET = 16.1;
				MTL_ENABLE_DEBUG_INFO = NO;
				MTL_FAST_MATH = YES;
				SDKROOT = iphoneos;
				SWIFT_COMPILATION_MODE = wholemodule;
				SWIFT_OPTIMIZATION_LEVEL = "-O";
				VALIDATE_PRODUCT = YES;
			};
			name = Release;
		};
		31A412E12968C79E0073FC2C /* Debug */ = {
			isa = XCBuildConfiguration;
			buildSettings = {
				ASSETCATALOG_COMPILER_APPICON_NAME = AppIcon;
				ASSETCATALOG_COMPILER_GLOBAL_ACCENT_COLOR_NAME = AccentColor;
				CODE_SIGN_STYLE = Automatic;
				CURRENT_PROJECT_VERSION = 1;
				DEVELOPMENT_TEAM = AQYY3L8R3F;
				GENERATE_INFOPLIST_FILE = YES;
				INFOPLIST_FILE = SnapchatClone/Info.plist;
				INFOPLIST_KEY_UIApplicationSupportsIndirectInputEvents = YES;
				INFOPLIST_KEY_UILaunchStoryboardName = LaunchScreen;
				INFOPLIST_KEY_UIMainStoryboardFile = Main;
				INFOPLIST_KEY_UISupportedInterfaceOrientations_iPad = "UIInterfaceOrientationPortrait UIInterfaceOrientationPortraitUpsideDown UIInterfaceOrientationLandscapeLeft UIInterfaceOrientationLandscapeRight";
				INFOPLIST_KEY_UISupportedInterfaceOrientations_iPhone = "UIInterfaceOrientationPortrait UIInterfaceOrientationLandscapeLeft UIInterfaceOrientationLandscapeRight";
				LD_RUNPATH_SEARCH_PATHS = (
					"$(inherited)",
					"@executable_path/Frameworks",
				);
				MARKETING_VERSION = 1.0;
				PRODUCT_BUNDLE_IDENTIFIER = com.ozancicek.SnapchatClone;
				PRODUCT_NAME = "$(TARGET_NAME)";
				SWIFT_EMIT_LOC_STRINGS = YES;
				SWIFT_VERSION = 5.0;
				TARGETED_DEVICE_FAMILY = "1,2";
			};
			name = Debug;
		};
		31A412E22968C79E0073FC2C /* Release */ = {
			isa = XCBuildConfiguration;
			buildSettings = {
				ASSETCATALOG_COMPILER_APPICON_NAME = AppIcon;
				ASSETCATALOG_COMPILER_GLOBAL_ACCENT_COLOR_NAME = AccentColor;
				CODE_SIGN_STYLE = Automatic;
				CURRENT_PROJECT_VERSION = 1;
				DEVELOPMENT_TEAM = AQYY3L8R3F;
				GENERATE_INFOPLIST_FILE = YES;
				INFOPLIST_FILE = SnapchatClone/Info.plist;
				INFOPLIST_KEY_UIApplicationSupportsIndirectInputEvents = YES;
				INFOPLIST_KEY_UILaunchStoryboardName = LaunchScreen;
				INFOPLIST_KEY_UIMainStoryboardFile = Main;
				INFOPLIST_KEY_UISupportedInterfaceOrientations_iPad = "UIInterfaceOrientationPortrait UIInterfaceOrientationPortraitUpsideDown UIInterfaceOrientationLandscapeLeft UIInterfaceOrientationLandscapeRight";
				INFOPLIST_KEY_UISupportedInterfaceOrientations_iPhone = "UIInterfaceOrientationPortrait UIInterfaceOrientationLandscapeLeft UIInterfaceOrientationLandscapeRight";
				LD_RUNPATH_SEARCH_PATHS = (
					"$(inherited)",
					"@executable_path/Frameworks",
				);
				MARKETING_VERSION = 1.0;
				PRODUCT_BUNDLE_IDENTIFIER = com.ozancicek.SnapchatClone;
				PRODUCT_NAME = "$(TARGET_NAME)";
				SWIFT_EMIT_LOC_STRINGS = YES;
				SWIFT_VERSION = 5.0;
				TARGETED_DEVICE_FAMILY = "1,2";
			};
			name = Release;
		};
/* End XCBuildConfiguration section */

/* Begin XCConfigurationList section */
		31A412C72968C79D0073FC2C /* Build configuration list for PBXProject "SnapchatClone" */ = {
			isa = XCConfigurationList;
			buildConfigurations = (
				31A412DE2968C79E0073FC2C /* Debug */,
				31A412DF2968C79E0073FC2C /* Release */,
			);
			defaultConfigurationIsVisible = 0;
			defaultConfigurationName = Release;
		};
		31A412E02968C79E0073FC2C /* Build configuration list for PBXNativeTarget "SnapchatClone" */ = {
			isa = XCConfigurationList;
			buildConfigurations = (
				31A412E12968C79E0073FC2C /* Debug */,
				31A412E22968C79E0073FC2C /* Release */,
			);
			defaultConfigurationIsVisible = 0;
			defaultConfigurationName = Release;
		};
/* End XCConfigurationList section */

/* Begin XCRemoteSwiftPackageReference section */
		31B9DEFD2968CA9F00EEC796 /* XCRemoteSwiftPackageReference "firebase-ios-sdk" */ = {
			isa = XCRemoteSwiftPackageReference;
			repositoryURL = "https://github.com/firebase/firebase-ios-sdk";
			requirement = {
				kind = upToNextMajorVersion;
				minimumVersion = 9.0.0;
			};
		};
/* End XCRemoteSwiftPackageReference section */

/* Begin XCSwiftPackageProductDependency section */
		31B9DEFE2968CA9F00EEC796 /* FirebaseAnalytics */ = {
			isa = XCSwiftPackageProductDependency;
			package = 31B9DEFD2968CA9F00EEC796 /* XCRemoteSwiftPackageReference "firebase-ios-sdk" */;
			productName = FirebaseAnalytics;
		};
		31B9DF002968CA9F00EEC796 /* FirebaseAuth */ = {
			isa = XCSwiftPackageProductDependency;
			package = 31B9DEFD2968CA9F00EEC796 /* XCRemoteSwiftPackageReference "firebase-ios-sdk" */;
			productName = FirebaseAuth;
		};
		31B9DF022968CA9F00EEC796 /* FirebaseFirestore */ = {
			isa = XCSwiftPackageProductDependency;
			package = 31B9DEFD2968CA9F00EEC796 /* XCRemoteSwiftPackageReference "firebase-ios-sdk" */;
			productName = FirebaseFirestore;
		};
		31B9DF042968CA9F00EEC796 /* FirebaseStorage */ = {
			isa = XCSwiftPackageProductDependency;
			package = 31B9DEFD2968CA9F00EEC796 /* XCRemoteSwiftPackageReference "firebase-ios-sdk" */;
			productName = FirebaseStorage;
		};
/* End XCSwiftPackageProductDependency section */
	};
	rootObject = 31A412C42968C79D0073FC2C /* Project object */;
}
